// !$*UTF8*$!
{
	archiveVersion = 1;
	classes = {
	};
	objectVersion = 50;
	objects = {

/* Begin PBXBuildFile section */
		9717325A226485D7006EF23D /* AppDelegate.swift in Sources */ = {isa = PBXBuildFile; fileRef = 97173259226485D7006EF23D /* AppDelegate.swift */; };
		9717325C226485D7006EF23D /* ViewController.swift in Sources */ = {isa = PBXBuildFile; fileRef = 9717325B226485D7006EF23D /* ViewController.swift */; };
		9717325F226485D7006EF23D /* Main.storyboard in Resources */ = {isa = PBXBuildFile; fileRef = 9717325D226485D7006EF23D /* Main.storyboard */; };
		97173262226485D7006EF23D /* ExpenseTracker.xcdatamodeld in Sources */ = {isa = PBXBuildFile; fileRef = 97173260226485D7006EF23D /* ExpenseTracker.xcdatamodeld */; };
		97173264226485D8006EF23D /* Assets.xcassets in Resources */ = {isa = PBXBuildFile; fileRef = 97173263226485D8006EF23D /* Assets.xcassets */; };
		97173267226485D8006EF23D /* LaunchScreen.storyboard in Resources */ = {isa = PBXBuildFile; fileRef = 97173265226485D8006EF23D /* LaunchScreen.storyboard */; };
		9717326F22648B16006EF23D /* PersistenceService.swift in Sources */ = {isa = PBXBuildFile; fileRef = 9717326E22648B16006EF23D /* PersistenceService.swift */; };
		9717327222649039006EF23D /* IncomeExpense+CoreDataClass.swift in Sources */ = {isa = PBXBuildFile; fileRef = 9717327022649039006EF23D /* IncomeExpense+CoreDataClass.swift */; };
		9717327322649039006EF23D /* IncomeExpense+CoreDataProperties.swift in Sources */ = {isa = PBXBuildFile; fileRef = 9717327122649039006EF23D /* IncomeExpense+CoreDataProperties.swift */; };
		97E0EA132265D1BD00756F0C /* BEMAnimationManager.m in Sources */ = {isa = PBXBuildFile; fileRef = 97E0EA0C2265D1BC00756F0C /* BEMAnimationManager.m */; };
		97E0EA142265D1BD00756F0C /* BEMPathManager.m in Sources */ = {isa = PBXBuildFile; fileRef = 97E0EA0D2265D1BC00756F0C /* BEMPathManager.m */; };
		97E0EA152265D1BD00756F0C /* BEMCheckBoxGroup.m in Sources */ = {isa = PBXBuildFile; fileRef = 97E0EA0E2265D1BC00756F0C /* BEMCheckBoxGroup.m */; };
		97E0EA162265D1BD00756F0C /* BEMCheckBox.m in Sources */ = {isa = PBXBuildFile; fileRef = 97E0EA102265D1BC00756F0C /* BEMCheckBox.m */; };
		97E0EA1B2265E4FF00756F0C /* IncExpPopUpViewController.swift in Sources */ = {isa = PBXBuildFile; fileRef = 97E0EA1A2265E4FF00756F0C /* IncExpPopUpViewController.swift */; };
		97E0EA1E2265EF7E00756F0C /* IncomeExpensePopUp.storyboard in Resources */ = {isa = PBXBuildFile; fileRef = 97E0EA1C2265EF7E00756F0C /* IncomeExpensePopUp.storyboard */; };
		97E0EA232265F2DB00756F0C /* NotificationNameExtension.swift in Sources */ = {isa = PBXBuildFile; fileRef = 97E0EA222265F2DB00756F0C /* NotificationNameExtension.swift */; };
/* End PBXBuildFile section */

/* Begin PBXFileReference section */
		97173256226485D7006EF23D /* ExpenseTracker.app */ = {isa = PBXFileReference; explicitFileType = wrapper.application; includeInIndex = 0; path = ExpenseTracker.app; sourceTree = BUILT_PRODUCTS_DIR; };
		97173259226485D7006EF23D /* AppDelegate.swift */ = {isa = PBXFileReference; lastKnownFileType = sourcecode.swift; path = AppDelegate.swift; sourceTree = "<group>"; };
		9717325B226485D7006EF23D /* ViewController.swift */ = {isa = PBXFileReference; lastKnownFileType = sourcecode.swift; path = ViewController.swift; sourceTree = "<group>"; };
		9717325E226485D7006EF23D /* Base */ = {isa = PBXFileReference; lastKnownFileType = file.storyboard; name = Base; path = Base.lproj/Main.storyboard; sourceTree = "<group>"; };
		97173261226485D7006EF23D /* ExpenseTracker.xcdatamodel */ = {isa = PBXFileReference; lastKnownFileType = wrapper.xcdatamodel; path = ExpenseTracker.xcdatamodel; sourceTree = "<group>"; };
		97173263226485D8006EF23D /* Assets.xcassets */ = {isa = PBXFileReference; lastKnownFileType = folder.assetcatalog; path = Assets.xcassets; sourceTree = "<group>"; };
		97173266226485D8006EF23D /* Base */ = {isa = PBXFileReference; lastKnownFileType = file.storyboard; name = Base; path = Base.lproj/LaunchScreen.storyboard; sourceTree = "<group>"; };
		97173268226485D8006EF23D /* Info.plist */ = {isa = PBXFileReference; lastKnownFileType = text.plist.xml; path = Info.plist; sourceTree = "<group>"; };
		9717326E22648B16006EF23D /* PersistenceService.swift */ = {isa = PBXFileReference; lastKnownFileType = sourcecode.swift; path = PersistenceService.swift; sourceTree = "<group>"; };
		9717327022649039006EF23D /* IncomeExpense+CoreDataClass.swift */ = {isa = PBXFileReference; lastKnownFileType = sourcecode.swift; path = "IncomeExpense+CoreDataClass.swift"; sourceTree = "<group>"; };
		9717327122649039006EF23D /* IncomeExpense+CoreDataProperties.swift */ = {isa = PBXFileReference; lastKnownFileType = sourcecode.swift; path = "IncomeExpense+CoreDataProperties.swift"; sourceTree = "<group>"; };
		97E0EA0B2265D1BC00756F0C /* BEMCheckBox.h */ = {isa = PBXFileReference; fileEncoding = 4; lastKnownFileType = sourcecode.c.h; path = BEMCheckBox.h; sourceTree = "<group>"; };
		97E0EA0C2265D1BC00756F0C /* BEMAnimationManager.m */ = {isa = PBXFileReference; fileEncoding = 4; lastKnownFileType = sourcecode.c.objc; path = BEMAnimationManager.m; sourceTree = "<group>"; };
		97E0EA0D2265D1BC00756F0C /* BEMPathManager.m */ = {isa = PBXFileReference; fileEncoding = 4; lastKnownFileType = sourcecode.c.objc; path = BEMPathManager.m; sourceTree = "<group>"; };
		97E0EA0E2265D1BC00756F0C /* BEMCheckBoxGroup.m */ = {isa = PBXFileReference; fileEncoding = 4; lastKnownFileType = sourcecode.c.objc; path = BEMCheckBoxGroup.m; sourceTree = "<group>"; };
		97E0EA0F2265D1BC00756F0C /* BEMAnimationManager.h */ = {isa = PBXFileReference; fileEncoding = 4; lastKnownFileType = sourcecode.c.h; path = BEMAnimationManager.h; sourceTree = "<group>"; };
		97E0EA102265D1BC00756F0C /* BEMCheckBox.m */ = {isa = PBXFileReference; fileEncoding = 4; lastKnownFileType = sourcecode.c.objc; path = BEMCheckBox.m; sourceTree = "<group>"; };
		97E0EA112265D1BC00756F0C /* BEMPathManager.h */ = {isa = PBXFileReference; fileEncoding = 4; lastKnownFileType = sourcecode.c.h; path = BEMPathManager.h; sourceTree = "<group>"; };
		97E0EA122265D1BC00756F0C /* BEMCheckBoxGroup.h */ = {isa = PBXFileReference; fileEncoding = 4; lastKnownFileType = sourcecode.c.h; path = BEMCheckBoxGroup.h; sourceTree = "<group>"; };
		97E0EA172265D1FB00756F0C /* CheckMarkHeader.h */ = {isa = PBXFileReference; lastKnownFileType = sourcecode.c.h; path = CheckMarkHeader.h; sourceTree = "<group>"; };
		97E0EA1A2265E4FF00756F0C /* IncExpPopUpViewController.swift */ = {isa = PBXFileReference; lastKnownFileType = sourcecode.swift; path = IncExpPopUpViewController.swift; sourceTree = "<group>"; };
		97E0EA1D2265EF7E00756F0C /* Base */ = {isa = PBXFileReference; lastKnownFileType = file.storyboard; name = Base; path = ExpenseTracker/Base.lproj/IncomeExpensePopUp.storyboard; sourceTree = "<group>"; };
		97E0EA222265F2DB00756F0C /* NotificationNameExtension.swift */ = {isa = PBXFileReference; lastKnownFileType = sourcecode.swift; path = NotificationNameExtension.swift; sourceTree = "<group>"; };
/* End PBXFileReference section */

/* Begin PBXFrameworksBuildPhase section */
		97173253226485D7006EF23D /* Frameworks */ = {
			isa = PBXFrameworksBuildPhase;
			buildActionMask = 2147483647;
			files = (
			);
			runOnlyForDeploymentPostprocessing = 0;
		};
/* End PBXFrameworksBuildPhase section */

/* Begin PBXGroup section */
		9717324D226485D7006EF23D = {
			isa = PBXGroup;
			children = (
				97E0EA172265D1FB00756F0C /* CheckMarkHeader.h */,
				97173258226485D7006EF23D /* ExpenseTracker */,
				97173257226485D7006EF23D /* Products */,
			);
			sourceTree = "<group>";
		};
		97173257226485D7006EF23D /* Products */ = {
			isa = PBXGroup;
			children = (
				97173256226485D7006EF23D /* ExpenseTracker.app */,
			);
			name = Products;
			sourceTree = "<group>";
		};
		97173258226485D7006EF23D /* ExpenseTracker */ = {
			isa = PBXGroup;
			children = (
				97E0EA212265EFD200756F0C /* ViewController */,
				97E0EA202265EFBA00756F0C /* CoreDataStuff */,
				97E0EA1F2265EFA400756F0C /* Storyboards */,
				97E0EA0A2265D1BC00756F0C /* Classes */,
				97173259226485D7006EF23D /* AppDelegate.swift */,
				9717326E22648B16006EF23D /* PersistenceService.swift */,
				97173263226485D8006EF23D /* Assets.xcassets */,
				97173268226485D8006EF23D /* Info.plist */,
				97E0EA222265F2DB00756F0C /* NotificationNameExtension.swift */,
			);
			path = ExpenseTracker;
			sourceTree = "<group>";
		};
		97E0EA0A2265D1BC00756F0C /* Classes */ = {
			isa = PBXGroup;
			children = (
				97E0EA0B2265D1BC00756F0C /* BEMCheckBox.h */,
				97E0EA0C2265D1BC00756F0C /* BEMAnimationManager.m */,
				97E0EA0D2265D1BC00756F0C /* BEMPathManager.m */,
				97E0EA0E2265D1BC00756F0C /* BEMCheckBoxGroup.m */,
				97E0EA0F2265D1BC00756F0C /* BEMAnimationManager.h */,
				97E0EA102265D1BC00756F0C /* BEMCheckBox.m */,
				97E0EA112265D1BC00756F0C /* BEMPathManager.h */,
				97E0EA122265D1BC00756F0C /* BEMCheckBoxGroup.h */,
			);
			path = Classes;
			sourceTree = "<group>";
		};
		97E0EA1F2265EFA400756F0C /* Storyboards */ = {
			isa = PBXGroup;
			children = (
				97E0EA1C2265EF7E00756F0C /* IncomeExpensePopUp.storyboard */,
				9717325D226485D7006EF23D /* Main.storyboard */,
				97173265226485D8006EF23D /* LaunchScreen.storyboard */,
			);
			path = Storyboards;
			sourceTree = "<group>";
		};
		97E0EA202265EFBA00756F0C /* CoreDataStuff */ = {
			isa = PBXGroup;
			children = (
				9717327022649039006EF23D /* IncomeExpense+CoreDataClass.swift */,
				9717327122649039006EF23D /* IncomeExpense+CoreDataProperties.swift */,
				97173260226485D7006EF23D /* ExpenseTracker.xcdatamodeld */,
			);
			path = CoreDataStuff;
			sourceTree = "<group>";
		};
		97E0EA212265EFD200756F0C /* ViewController */ = {
			isa = PBXGroup;
			children = (
				9717325B226485D7006EF23D /* ViewController.swift */,
				97E0EA1A2265E4FF00756F0C /* IncExpPopUpViewController.swift */,
			);
			path = ViewController;
			sourceTree = "<group>";
		};
/* End PBXGroup section */

/* Begin PBXNativeTarget section */
		97173255226485D7006EF23D /* ExpenseTracker */ = {
			isa = PBXNativeTarget;
			buildConfigurationList = 9717326B226485D8006EF23D /* Build configuration list for PBXNativeTarget "ExpenseTracker" */;
			buildPhases = (
				97173252226485D7006EF23D /* Sources */,
				97173253226485D7006EF23D /* Frameworks */,
				97173254226485D7006EF23D /* Resources */,
			);
			buildRules = (
			);
			dependencies = (
			);
			name = ExpenseTracker;
			productName = ExpenseTracker;
			productReference = 97173256226485D7006EF23D /* ExpenseTracker.app */;
			productType = "com.apple.product-type.application";
		};
/* End PBXNativeTarget section */

/* Begin PBXProject section */
		9717324E226485D7006EF23D /* Project object */ = {
			isa = PBXProject;
			attributes = {
				LastSwiftUpdateCheck = 1020;
				LastUpgradeCheck = 1020;
				ORGANIZATIONNAME = "Antonio Laštro";
				TargetAttributes = {
					97173255226485D7006EF23D = {
						CreatedOnToolsVersion = 10.2;
					};
				};
			};
			buildConfigurationList = 97173251226485D7006EF23D /* Build configuration list for PBXProject "ExpenseTracker" */;
			compatibilityVersion = "Xcode 9.3";
			developmentRegion = en;
			hasScannedForEncodings = 0;
			knownRegions = (
				en,
				Base,
			);
			mainGroup = 9717324D226485D7006EF23D;
			productRefGroup = 97173257226485D7006EF23D /* Products */;
			projectDirPath = "";
			projectRoot = "";
			targets = (
				97173255226485D7006EF23D /* ExpenseTracker */,
			);
		};
/* End PBXProject section */

/* Begin PBXResourcesBuildPhase section */
		97173254226485D7006EF23D /* Resources */ = {
			isa = PBXResourcesBuildPhase;
			buildActionMask = 2147483647;
			files = (
				97173267226485D8006EF23D /* LaunchScreen.storyboard in Resources */,
				97173264226485D8006EF23D /* Assets.xcassets in Resources */,
				9717325F226485D7006EF23D /* Main.storyboard in Resources */,
				97E0EA1E2265EF7E00756F0C /* IncomeExpensePopUp.storyboard in Resources */,
			);
			runOnlyForDeploymentPostprocessing = 0;
		};
/* End PBXResourcesBuildPhase section */

/* Begin PBXSourcesBuildPhase section */
		97173252226485D7006EF23D /* Sources */ = {
			isa = PBXSourcesBuildPhase;
			buildActionMask = 2147483647;
			files = (
				9717325C226485D7006EF23D /* ViewController.swift in Sources */,
				9717327322649039006EF23D /* IncomeExpense+CoreDataProperties.swift in Sources */,
				9717326F22648B16006EF23D /* PersistenceService.swift in Sources */,
				97E0EA232265F2DB00756F0C /* NotificationNameExtension.swift in Sources */,
				97E0EA1B2265E4FF00756F0C /* IncExpPopUpViewController.swift in Sources */,
				97E0EA132265D1BD00756F0C /* BEMAnimationManager.m in Sources */,
				97173262226485D7006EF23D /* ExpenseTracker.xcdatamodeld in Sources */,
				9717327222649039006EF23D /* IncomeExpense+CoreDataClass.swift in Sources */,
				97E0EA152265D1BD00756F0C /* BEMCheckBoxGroup.m in Sources */,
				9717325A226485D7006EF23D /* AppDelegate.swift in Sources */,
				97E0EA142265D1BD00756F0C /* BEMPathManager.m in Sources */,
				97E0EA162265D1BD00756F0C /* BEMCheckBox.m in Sources */,
			);
			runOnlyForDeploymentPostprocessing = 0;
		};
/* End PBXSourcesBuildPhase section */

/* Begin PBXVariantGroup section */
		9717325D226485D7006EF23D /* Main.storyboard */ = {
			isa = PBXVariantGroup;
			children = (
				9717325E226485D7006EF23D /* Base */,
			);
			name = Main.storyboard;
			sourceTree = "<group>";
		};
		97173265226485D8006EF23D /* LaunchScreen.storyboard */ = {
			isa = PBXVariantGroup;
			children = (
				97173266226485D8006EF23D /* Base */,
			);
			name = LaunchScreen.storyboard;
			sourceTree = "<group>";
		};
		97E0EA1C2265EF7E00756F0C /* IncomeExpensePopUp.storyboard */ = {
			isa = PBXVariantGroup;
			children = (
				97E0EA1D2265EF7E00756F0C /* Base */,
			);
			name = IncomeExpensePopUp.storyboard;
			sourceTree = "<group>";
		};
/* End PBXVariantGroup section */

/* Begin XCBuildConfiguration section */
		97173269226485D8006EF23D /* Debug */ = {
			isa = XCBuildConfiguration;
			buildSettings = {
				ALWAYS_SEARCH_USER_PATHS = NO;
				CLANG_ANALYZER_NONNULL = YES;
				CLANG_ANALYZER_NUMBER_OBJECT_CONVERSION = YES_AGGRESSIVE;
				CLANG_CXX_LANGUAGE_STANDARD = "gnu++14";
				CLANG_CXX_LIBRARY = "libc++";
				CLANG_ENABLE_MODULES = YES;
				CLANG_ENABLE_OBJC_ARC = YES;
				CLANG_ENABLE_OBJC_WEAK = YES;
				CLANG_WARN_BLOCK_CAPTURE_AUTORELEASING = YES;
				CLANG_WARN_BOOL_CONVERSION = YES;
				CLANG_WARN_COMMA = YES;
				CLANG_WARN_CONSTANT_CONVERSION = YES;
				CLANG_WARN_DEPRECATED_OBJC_IMPLEMENTATIONS = YES;
				CLANG_WARN_DIRECT_OBJC_ISA_USAGE = YES_ERROR;
				CLANG_WARN_DOCUMENTATION_COMMENTS = YES;
				CLANG_WARN_EMPTY_BODY = YES;
				CLANG_WARN_ENUM_CONVERSION = YES;
				CLANG_WARN_INFINITE_RECURSION = YES;
				CLANG_WARN_INT_CONVERSION = YES;
				CLANG_WARN_NON_LITERAL_NULL_CONVERSION = YES;
				CLANG_WARN_OBJC_IMPLICIT_RETAIN_SELF = YES;
				CLANG_WARN_OBJC_LITERAL_CONVERSION = YES;
				CLANG_WARN_OBJC_ROOT_CLASS = YES_ERROR;
				CLANG_WARN_RANGE_LOOP_ANALYSIS = YES;
				CLANG_WARN_STRICT_PROTOTYPES = YES;
				CLANG_WARN_SUSPICIOUS_MOVE = YES;
				CLANG_WARN_UNGUARDED_AVAILABILITY = YES_AGGRESSIVE;
				CLANG_WARN_UNREACHABLE_CODE = YES;
				CLANG_WARN__DUPLICATE_METHOD_MATCH = YES;
				CODE_SIGN_IDENTITY = "iPhone Developer";
				COPY_PHASE_STRIP = NO;
				DEBUG_INFORMATION_FORMAT = dwarf;
				ENABLE_STRICT_OBJC_MSGSEND = YES;
				ENABLE_TESTABILITY = YES;
				GCC_C_LANGUAGE_STANDARD = gnu11;
				GCC_DYNAMIC_NO_PIC = NO;
				GCC_NO_COMMON_BLOCKS = YES;
				GCC_OPTIMIZATION_LEVEL = 0;
				GCC_PREPROCESSOR_DEFINITIONS = (
					"DEBUG=1",
					"$(inherited)",
				);
				GCC_WARN_64_TO_32_BIT_CONVERSION = YES;
				GCC_WARN_ABOUT_RETURN_TYPE = YES_ERROR;
				GCC_WARN_UNDECLARED_SELECTOR = YES;
				GCC_WARN_UNINITIALIZED_AUTOS = YES_AGGRESSIVE;
				GCC_WARN_UNUSED_FUNCTION = YES;
				GCC_WARN_UNUSED_VARIABLE = YES;
				IPHONEOS_DEPLOYMENT_TARGET = 12.2;
				MTL_ENABLE_DEBUG_INFO = INCLUDE_SOURCE;
				MTL_FAST_MATH = YES;
				ONLY_ACTIVE_ARCH = YES;
				SDKROOT = iphoneos;
				SWIFT_ACTIVE_COMPILATION_CONDITIONS = DEBUG;
				SWIFT_OPTIMIZATION_LEVEL = "-Onone";
			};
			name = Debug;
		};
		9717326A226485D8006EF23D /* Release */ = {
			isa = XCBuildConfiguration;
			buildSettings = {
				ALWAYS_SEARCH_USER_PATHS = NO;
				CLANG_ANALYZER_NONNULL = YES;
				CLANG_ANALYZER_NUMBER_OBJECT_CONVERSION = YES_AGGRESSIVE;
				CLANG_CXX_LANGUAGE_STANDARD = "gnu++14";
				CLANG_CXX_LIBRARY = "libc++";
				CLANG_ENABLE_MODULES = YES;
				CLANG_ENABLE_OBJC_ARC = YES;
				CLANG_ENABLE_OBJC_WEAK = YES;
				CLANG_WARN_BLOCK_CAPTURE_AUTORELEASING = YES;
				CLANG_WARN_BOOL_CONVERSION = YES;
				CLANG_WARN_COMMA = YES;
				CLANG_WARN_CONSTANT_CONVERSION = YES;
				CLANG_WARN_DEPRECATED_OBJC_IMPLEMENTATIONS = YES;
				CLANG_WARN_DIRECT_OBJC_ISA_USAGE = YES_ERROR;
				CLANG_WARN_DOCUMENTATION_COMMENTS = YES;
				CLANG_WARN_EMPTY_BODY = YES;
				CLANG_WARN_ENUM_CONVERSION = YES;
				CLANG_WARN_INFINITE_RECURSION = YES;
				CLANG_WARN_INT_CONVERSION = YES;
				CLANG_WARN_NON_LITERAL_NULL_CONVERSION = YES;
				CLANG_WARN_OBJC_IMPLICIT_RETAIN_SELF = YES;
				CLANG_WARN_OBJC_LITERAL_CONVERSION = YES;
				CLANG_WARN_OBJC_ROOT_CLASS = YES_ERROR;
				CLANG_WARN_RANGE_LOOP_ANALYSIS = YES;
				CLANG_WARN_STRICT_PROTOTYPES = YES;
				CLANG_WARN_SUSPICIOUS_MOVE = YES;
				CLANG_WARN_UNGUARDED_AVAILABILITY = YES_AGGRESSIVE;
				CLANG_WARN_UNREACHABLE_CODE = YES;
				CLANG_WARN__DUPLICATE_METHOD_MATCH = YES;
				CODE_SIGN_IDENTITY = "iPhone Developer";
				COPY_PHASE_STRIP = NO;
				DEBUG_INFORMATION_FORMAT = "dwarf-with-dsym";
				ENABLE_NS_ASSERTIONS = NO;
				ENABLE_STRICT_OBJC_MSGSEND = YES;
				GCC_C_LANGUAGE_STANDARD = gnu11;
				GCC_NO_COMMON_BLOCKS = YES;
				GCC_WARN_64_TO_32_BIT_CONVERSION = YES;
				GCC_WARN_ABOUT_RETURN_TYPE = YES_ERROR;
				GCC_WARN_UNDECLARED_SELECTOR = YES;
				GCC_WARN_UNINITIALIZED_AUTOS = YES_AGGRESSIVE;
				GCC_WARN_UNUSED_FUNCTION = YES;
				GCC_WARN_UNUSED_VARIABLE = YES;
				IPHONEOS_DEPLOYMENT_TARGET = 12.2;
				MTL_ENABLE_DEBUG_INFO = NO;
				MTL_FAST_MATH = YES;
				SDKROOT = iphoneos;
				SWIFT_COMPILATION_MODE = wholemodule;
				SWIFT_OPTIMIZATION_LEVEL = "-O";
				VALIDATE_PRODUCT = YES;
			};
			name = Release;
		};
		9717326C226485D8006EF23D /* Debug */ = {
			isa = XCBuildConfiguration;
			buildSettings = {
				ASSETCATALOG_COMPILER_APPICON_NAME = AppIcon;
				CODE_SIGN_STYLE = Automatic;
				DEVELOPMENT_TEAM = TBR78TM457;
				INFOPLIST_FILE = ExpenseTracker/Info.plist;
				LD_RUNPATH_SEARCH_PATHS = (
					"$(inherited)",
					"@executable_path/Frameworks",
				);
				PRODUCT_BUNDLE_IDENTIFIER = AntonioLastro.ExpenseTracker;
				PRODUCT_NAME = "$(TARGET_NAME)";
				SWIFT_OBJC_BRIDGING_HEADER = CheckMarkHeader.h;
				SWIFT_VERSION = 5.0;
				TARGETED_DEVICE_FAMILY = "1,2";
			};
			name = Debug;
		};
		9717326D226485D8006EF23D /* Release */ = {
			isa = XCBuildConfiguration;
			buildSettings = {
				ASSETCATALOG_COMPILER_APPICON_NAME = AppIcon;
				CODE_SIGN_STYLE = Automatic;
				DEVELOPMENT_TEAM = TBR78TM457;
				INFOPLIST_FILE = ExpenseTracker/Info.plist;
				LD_RUNPATH_SEARCH_PATHS = (
					"$(inherited)",
					"@executable_path/Frameworks",
				);
				PRODUCT_BUNDLE_IDENTIFIER = AntonioLastro.ExpenseTracker;
				PRODUCT_NAME = "$(TARGET_NAME)";
				SWIFT_OBJC_BRIDGING_HEADER = CheckMarkHeader.h;
				SWIFT_VERSION = 5.0;
				TARGETED_DEVICE_FAMILY = "1,2";
			};
			name = Release;
		};
/* End XCBuildConfiguration section */

/* Begin XCConfigurationList section */
		97173251226485D7006EF23D /* Build configuration list for PBXProject "ExpenseTracker" */ = {
			isa = XCConfigurationList;
			buildConfigurations = (
				97173269226485D8006EF23D /* Debug */,
				9717326A226485D8006EF23D /* Release */,
			);
			defaultConfigurationIsVisible = 0;
			defaultConfigurationName = Release;
		};
		9717326B226485D8006EF23D /* Build configuration list for PBXNativeTarget "ExpenseTracker" */ = {
			isa = XCConfigurationList;
			buildConfigurations = (
				9717326C226485D8006EF23D /* Debug */,
				9717326D226485D8006EF23D /* Release */,
			);
			defaultConfigurationIsVisible = 0;
			defaultConfigurationName = Release;
		};
/* End XCConfigurationList section */

/* Begin XCVersionGroup section */
		97173260226485D7006EF23D /* ExpenseTracker.xcdatamodeld */ = {
			isa = XCVersionGroup;
			children = (
				97173261226485D7006EF23D /* ExpenseTracker.xcdatamodel */,
			);
			currentVersion = 97173261226485D7006EF23D /* ExpenseTracker.xcdatamodel */;
			path = ExpenseTracker.xcdatamodeld;
			sourceTree = "<group>";
			versionGroupType = wrapper.xcdatamodel;
		};
/* End XCVersionGroup section */
	};
	rootObject = 9717324E226485D7006EF23D /* Project object */;
}
